
Microsoft Visual Studio Solution File, Format Version 12.00
# Visual Studio Version 16
VisualStudioVersion = 16.0.29215.179
MinimumVisualStudioVersion = 10.0.40219.1
Project("{FAE04EC0-301F-11D3-BF4B-00C04F79EFBC}") = "Hangman", "Hangman.csproj", "{24BAED08-AABE-4AB3-BF15-D12927C7A9EE}"
EndProject
Global
	GlobalSection(SolutionConfigurationPlatforms) = preSolution
		Debug|Any CPU = Debug|Any CPU
		Release|Any CPU = Release|Any CPU
	EndGlobalSection
	GlobalSection(ProjectConfigurationPlatforms) = postSolution
		{24BAED08-AABE-4AB3-BF15-D12927C7A9EE}.Debug|Any CPU.ActiveCfg = Debug|Any CPU
		{24BAED08-AABE-4AB3-BF15-D12927C7A9EE}.Debug|Any CPU.Build.0 = Debug|Any CPU
		{24BAED08-AABE-4AB3-BF15-D12927C7A9EE}.Release|Any CPU.ActiveCfg = Release|Any CPU
		{24BAED08-AABE-4AB3-BF15-D12927C7A9EE}.Release|Any CPU.Build.0 = Release|Any CPU
	EndGlobalSection
	GlobalSection(SolutionProperties) = preSolution
		HideSolutionNode = FALSE
	EndGlobalSection
	GlobalSection(ExtensibilityGlobals) = postSolution
		SolutionGuid = {1EC9A323-7557-4D85-9376-788E874A4307}
	EndGlobalSection
EndGlobal
